// !$*UTF8*$!
{
	archiveVersion = 1;
	classes = {
	};
	objectVersion = 55;
	objects = {

/* Begin PBXBuildFile section */
		5049420C287C7E5A00D87BDC /* StarWarsAppApp.swift in Sources */ = {isa = PBXBuildFile; fileRef = 5049420B287C7E5A00D87BDC /* StarWarsAppApp.swift */; };
		50494210287C7E5C00D87BDC /* Assets.xcassets in Resources */ = {isa = PBXBuildFile; fileRef = 5049420F287C7E5C00D87BDC /* Assets.xcassets */; };
		50494213287C7E5C00D87BDC /* Preview Assets.xcassets in Resources */ = {isa = PBXBuildFile; fileRef = 50494212287C7E5C00D87BDC /* Preview Assets.xcassets */; };
		5049421D287C7E5C00D87BDC /* StarWarsAppTests.swift in Sources */ = {isa = PBXBuildFile; fileRef = 5049421C287C7E5C00D87BDC /* StarWarsAppTests.swift */; };
		50494227287C7E5C00D87BDC /* StarWarsAppUITests.swift in Sources */ = {isa = PBXBuildFile; fileRef = 50494226287C7E5C00D87BDC /* StarWarsAppUITests.swift */; };
		50494229287C7E5C00D87BDC /* StarWarsAppUITestsLaunchTests.swift in Sources */ = {isa = PBXBuildFile; fileRef = 50494228287C7E5C00D87BDC /* StarWarsAppUITestsLaunchTests.swift */; };
		50494236287C7E7900D87BDC /* MainScreenView.swift in Sources */ = {isa = PBXBuildFile; fileRef = 50494235287C7E7900D87BDC /* MainScreenView.swift */; };
		50494239287C7E9F00D87BDC /* MainScreenViewModel.swift in Sources */ = {isa = PBXBuildFile; fileRef = 50494238287C7E9F00D87BDC /* MainScreenViewModel.swift */; };
		5049423C287C7EB000D87BDC /* ViewModelProtocol.swift in Sources */ = {isa = PBXBuildFile; fileRef = 5049423B287C7EB000D87BDC /* ViewModelProtocol.swift */; };
		50494241287C803000D87BDC /* DetailScreenView.swift in Sources */ = {isa = PBXBuildFile; fileRef = 50494240287C803000D87BDC /* DetailScreenView.swift */; };
		50494243287C805D00D87BDC /* DetailScreenViewModel.swift in Sources */ = {isa = PBXBuildFile; fileRef = 50494242287C805D00D87BDC /* DetailScreenViewModel.swift */; };
		50494245287C808900D87BDC /* Movie.swift in Sources */ = {isa = PBXBuildFile; fileRef = 50494244287C808900D87BDC /* Movie.swift */; };
		50494249287C813C00D87BDC /* SearchResult.swift in Sources */ = {isa = PBXBuildFile; fileRef = 50494248287C813C00D87BDC /* SearchResult.swift */; };
		5049424B287C815C00D87BDC /* JSONNull.swift in Sources */ = {isa = PBXBuildFile; fileRef = 5049424A287C815C00D87BDC /* JSONNull.swift */; };
		5049424E287C819800D87BDC /* NetworkManager.swift in Sources */ = {isa = PBXBuildFile; fileRef = 5049424D287C819800D87BDC /* NetworkManager.swift */; };
		50494250287C81AC00D87BDC /* MovieManager.swift in Sources */ = {isa = PBXBuildFile; fileRef = 5049424F287C81AC00D87BDC /* MovieManager.swift */; };
		50494253287C81EB00D87BDC /* Constant.swift in Sources */ = {isa = PBXBuildFile; fileRef = 50494252287C81EB00D87BDC /* Constant.swift */; };
		50494255287C830F00D87BDC /* NetworkError.swift in Sources */ = {isa = PBXBuildFile; fileRef = 50494254287C830F00D87BDC /* NetworkError.swift */; };
		50494257287C84EC00D87BDC /* MovieListRequest.swift in Sources */ = {isa = PBXBuildFile; fileRef = 50494256287C84EC00D87BDC /* MovieListRequest.swift */; };
		50494259287C8F3300D87BDC /* RequestTemplate.swift in Sources */ = {isa = PBXBuildFile; fileRef = 50494258287C8F3300D87BDC /* RequestTemplate.swift */; };
		5049425B287C8F6000D87BDC /* HTTPMethod.swift in Sources */ = {isa = PBXBuildFile; fileRef = 5049425A287C8F6000D87BDC /* HTTPMethod.swift */; };
		5049425D287C8FF100D87BDC /* URLRequest+init.swift in Sources */ = {isa = PBXBuildFile; fileRef = 5049425C287C8FF100D87BDC /* URLRequest+init.swift */; };
		50494260287C92BB00D87BDC /* MovieManagerProtocol.swift in Sources */ = {isa = PBXBuildFile; fileRef = 5049425F287C92BB00D87BDC /* MovieManagerProtocol.swift */; };
		50494263287C969500D87BDC /* NetworkManagerProtocol.swift in Sources */ = {isa = PBXBuildFile; fileRef = 50494262287C969500D87BDC /* NetworkManagerProtocol.swift */; };
		50494266287D922400D87BDC /* MainScreenView+Background.swift in Sources */ = {isa = PBXBuildFile; fileRef = 50494265287D922400D87BDC /* MainScreenView+Background.swift */; };
		50494268287D924600D87BDC /* MainScreenView+Header.swift in Sources */ = {isa = PBXBuildFile; fileRef = 50494267287D924600D87BDC /* MainScreenView+Header.swift */; };
		5049426A287D926800D87BDC /* MainScreenView+List.swift in Sources */ = {isa = PBXBuildFile; fileRef = 50494269287D926800D87BDC /* MainScreenView+List.swift */; };
		5049426C287D940400D87BDC /* MainScreenCellView.swift in Sources */ = {isa = PBXBuildFile; fileRef = 5049426B287D940400D87BDC /* MainScreenCellView.swift */; };
		50C3B870287DE8ED00009E3B /* DetailScreenView+Content.swift in Sources */ = {isa = PBXBuildFile; fileRef = 50C3B86F287DE8ED00009E3B /* DetailScreenView+Content.swift */; };
		50C3B872287DE94F00009E3B /* DetailScreenView+Background.swift in Sources */ = {isa = PBXBuildFile; fileRef = 50C3B871287DE94F00009E3B /* DetailScreenView+Background.swift */; };
		50C3B879287DEEDA00009E3B /* FilterType.swift in Sources */ = {isa = PBXBuildFile; fileRef = 50C3B878287DEEDA00009E3B /* FilterType.swift */; };
		50C3B87C287DF89300009E3B /* MainScreenView+FilterMenu.swift in Sources */ = {isa = PBXBuildFile; fileRef = 50C3B87B287DF89300009E3B /* MainScreenView+FilterMenu.swift */; };
		50C3B87E287DF8B900009E3B /* MainScreenView+SearchBar.swift in Sources */ = {isa = PBXBuildFile; fileRef = 50C3B87D287DF8B900009E3B /* MainScreenView+SearchBar.swift */; };
/* End PBXBuildFile section */

/* Begin PBXContainerItemProxy section */
		50494219287C7E5C00D87BDC /* PBXContainerItemProxy */ = {
			isa = PBXContainerItemProxy;
			containerPortal = 50494200287C7E5A00D87BDC /* Project object */;
			proxyType = 1;
			remoteGlobalIDString = 50494207287C7E5A00D87BDC;
			remoteInfo = StarWarsApp;
		};
		50494223287C7E5C00D87BDC /* PBXContainerItemProxy */ = {
			isa = PBXContainerItemProxy;
			containerPortal = 50494200287C7E5A00D87BDC /* Project object */;
			proxyType = 1;
			remoteGlobalIDString = 50494207287C7E5A00D87BDC;
			remoteInfo = StarWarsApp;
		};
/* End PBXContainerItemProxy section */

/* Begin PBXFileReference section */
		50494208287C7E5A00D87BDC /* StarWarsApp.app */ = {isa = PBXFileReference; explicitFileType = wrapper.application; includeInIndex = 0; path = StarWarsApp.app; sourceTree = BUILT_PRODUCTS_DIR; };
		5049420B287C7E5A00D87BDC /* StarWarsAppApp.swift */ = {isa = PBXFileReference; lastKnownFileType = sourcecode.swift; path = StarWarsAppApp.swift; sourceTree = "<group>"; };
		5049420F287C7E5C00D87BDC /* Assets.xcassets */ = {isa = PBXFileReference; lastKnownFileType = folder.assetcatalog; path = Assets.xcassets; sourceTree = "<group>"; };
		50494212287C7E5C00D87BDC /* Preview Assets.xcassets */ = {isa = PBXFileReference; lastKnownFileType = folder.assetcatalog; path = "Preview Assets.xcassets"; sourceTree = "<group>"; };
		50494218287C7E5C00D87BDC /* StarWarsAppTests.xctest */ = {isa = PBXFileReference; explicitFileType = wrapper.cfbundle; includeInIndex = 0; path = StarWarsAppTests.xctest; sourceTree = BUILT_PRODUCTS_DIR; };
		5049421C287C7E5C00D87BDC /* StarWarsAppTests.swift */ = {isa = PBXFileReference; lastKnownFileType = sourcecode.swift; path = StarWarsAppTests.swift; sourceTree = "<group>"; };
		50494222287C7E5C00D87BDC /* StarWarsAppUITests.xctest */ = {isa = PBXFileReference; explicitFileType = wrapper.cfbundle; includeInIndex = 0; path = StarWarsAppUITests.xctest; sourceTree = BUILT_PRODUCTS_DIR; };
		50494226287C7E5C00D87BDC /* StarWarsAppUITests.swift */ = {isa = PBXFileReference; lastKnownFileType = sourcecode.swift; path = StarWarsAppUITests.swift; sourceTree = "<group>"; };
		50494228287C7E5C00D87BDC /* StarWarsAppUITestsLaunchTests.swift */ = {isa = PBXFileReference; lastKnownFileType = sourcecode.swift; path = StarWarsAppUITestsLaunchTests.swift; sourceTree = "<group>"; };
		50494235287C7E7900D87BDC /* MainScreenView.swift */ = {isa = PBXFileReference; lastKnownFileType = sourcecode.swift; path = MainScreenView.swift; sourceTree = "<group>"; };
		50494238287C7E9F00D87BDC /* MainScreenViewModel.swift */ = {isa = PBXFileReference; lastKnownFileType = sourcecode.swift; path = MainScreenViewModel.swift; sourceTree = "<group>"; };
		5049423B287C7EB000D87BDC /* ViewModelProtocol.swift */ = {isa = PBXFileReference; lastKnownFileType = sourcecode.swift; path = ViewModelProtocol.swift; sourceTree = "<group>"; };
		50494240287C803000D87BDC /* DetailScreenView.swift */ = {isa = PBXFileReference; lastKnownFileType = sourcecode.swift; path = DetailScreenView.swift; sourceTree = "<group>"; };
		50494242287C805D00D87BDC /* DetailScreenViewModel.swift */ = {isa = PBXFileReference; lastKnownFileType = sourcecode.swift; path = DetailScreenViewModel.swift; sourceTree = "<group>"; };
		50494244287C808900D87BDC /* Movie.swift */ = {isa = PBXFileReference; lastKnownFileType = sourcecode.swift; path = Movie.swift; sourceTree = "<group>"; };
		50494248287C813C00D87BDC /* SearchResult.swift */ = {isa = PBXFileReference; lastKnownFileType = sourcecode.swift; path = SearchResult.swift; sourceTree = "<group>"; };
		5049424A287C815C00D87BDC /* JSONNull.swift */ = {isa = PBXFileReference; lastKnownFileType = sourcecode.swift; path = JSONNull.swift; sourceTree = "<group>"; };
		5049424D287C819800D87BDC /* NetworkManager.swift */ = {isa = PBXFileReference; lastKnownFileType = sourcecode.swift; path = NetworkManager.swift; sourceTree = "<group>"; };
		5049424F287C81AC00D87BDC /* MovieManager.swift */ = {isa = PBXFileReference; lastKnownFileType = sourcecode.swift; path = MovieManager.swift; sourceTree = "<group>"; };
		50494252287C81EB00D87BDC /* Constant.swift */ = {isa = PBXFileReference; lastKnownFileType = sourcecode.swift; path = Constant.swift; sourceTree = "<group>"; };
		50494254287C830F00D87BDC /* NetworkError.swift */ = {isa = PBXFileReference; lastKnownFileType = sourcecode.swift; path = NetworkError.swift; sourceTree = "<group>"; };
		50494256287C84EC00D87BDC /* MovieListRequest.swift */ = {isa = PBXFileReference; lastKnownFileType = sourcecode.swift; path = MovieListRequest.swift; sourceTree = "<group>"; };
		50494258287C8F3300D87BDC /* RequestTemplate.swift */ = {isa = PBXFileReference; lastKnownFileType = sourcecode.swift; path = RequestTemplate.swift; sourceTree = "<group>"; };
		5049425A287C8F6000D87BDC /* HTTPMethod.swift */ = {isa = PBXFileReference; lastKnownFileType = sourcecode.swift; path = HTTPMethod.swift; sourceTree = "<group>"; };
		5049425C287C8FF100D87BDC /* URLRequest+init.swift */ = {isa = PBXFileReference; lastKnownFileType = sourcecode.swift; path = "URLRequest+init.swift"; sourceTree = "<group>"; };
		5049425F287C92BB00D87BDC /* MovieManagerProtocol.swift */ = {isa = PBXFileReference; lastKnownFileType = sourcecode.swift; path = MovieManagerProtocol.swift; sourceTree = "<group>"; };
		50494261287C942200D87BDC /* Info.plist */ = {isa = PBXFileReference; lastKnownFileType = text.plist; path = Info.plist; sourceTree = "<group>"; };
		50494262287C969500D87BDC /* NetworkManagerProtocol.swift */ = {isa = PBXFileReference; lastKnownFileType = sourcecode.swift; path = NetworkManagerProtocol.swift; sourceTree = "<group>"; };
		50494265287D922400D87BDC /* MainScreenView+Background.swift */ = {isa = PBXFileReference; lastKnownFileType = sourcecode.swift; path = "MainScreenView+Background.swift"; sourceTree = "<group>"; };
		50494267287D924600D87BDC /* MainScreenView+Header.swift */ = {isa = PBXFileReference; lastKnownFileType = sourcecode.swift; path = "MainScreenView+Header.swift"; sourceTree = "<group>"; };
		50494269287D926800D87BDC /* MainScreenView+List.swift */ = {isa = PBXFileReference; lastKnownFileType = sourcecode.swift; path = "MainScreenView+List.swift"; sourceTree = "<group>"; };
		5049426B287D940400D87BDC /* MainScreenCellView.swift */ = {isa = PBXFileReference; lastKnownFileType = sourcecode.swift; path = MainScreenCellView.swift; sourceTree = "<group>"; };
		50C3B86F287DE8ED00009E3B /* DetailScreenView+Content.swift */ = {isa = PBXFileReference; lastKnownFileType = sourcecode.swift; path = "DetailScreenView+Content.swift"; sourceTree = "<group>"; };
		50C3B871287DE94F00009E3B /* DetailScreenView+Background.swift */ = {isa = PBXFileReference; lastKnownFileType = sourcecode.swift; path = "DetailScreenView+Background.swift"; sourceTree = "<group>"; };
		50C3B878287DEEDA00009E3B /* FilterType.swift */ = {isa = PBXFileReference; lastKnownFileType = sourcecode.swift; path = FilterType.swift; sourceTree = "<group>"; };
		50C3B87B287DF89300009E3B /* MainScreenView+FilterMenu.swift */ = {isa = PBXFileReference; lastKnownFileType = sourcecode.swift; path = "MainScreenView+FilterMenu.swift"; sourceTree = "<group>"; };
		50C3B87D287DF8B900009E3B /* MainScreenView+SearchBar.swift */ = {isa = PBXFileReference; lastKnownFileType = sourcecode.swift; path = "MainScreenView+SearchBar.swift"; sourceTree = "<group>"; };
/* End PBXFileReference section */

/* Begin PBXFrameworksBuildPhase section */
		50494205287C7E5A00D87BDC /* Frameworks */ = {
			isa = PBXFrameworksBuildPhase;
			buildActionMask = 2147483647;
			files = (
			);
			runOnlyForDeploymentPostprocessing = 0;
		};
		50494215287C7E5C00D87BDC /* Frameworks */ = {
			isa = PBXFrameworksBuildPhase;
			buildActionMask = 2147483647;
			files = (
			);
			runOnlyForDeploymentPostprocessing = 0;
		};
		5049421F287C7E5C00D87BDC /* Frameworks */ = {
			isa = PBXFrameworksBuildPhase;
			buildActionMask = 2147483647;
			files = (
			);
			runOnlyForDeploymentPostprocessing = 0;
		};
/* End PBXFrameworksBuildPhase section */

/* Begin PBXGroup section */
		504941FF287C7E5A00D87BDC = {
			isa = PBXGroup;
			children = (
				5049420A287C7E5A00D87BDC /* StarWarsApp */,
				5049421B287C7E5C00D87BDC /* StarWarsAppTests */,
				50494225287C7E5C00D87BDC /* StarWarsAppUITests */,
				50494209287C7E5A00D87BDC /* Products */,
			);
			sourceTree = "<group>";
		};
		50494209287C7E5A00D87BDC /* Products */ = {
			isa = PBXGroup;
			children = (
				50494208287C7E5A00D87BDC /* StarWarsApp.app */,
				50494218287C7E5C00D87BDC /* StarWarsAppTests.xctest */,
				50494222287C7E5C00D87BDC /* StarWarsAppUITests.xctest */,
			);
			name = Products;
			sourceTree = "<group>";
		};
		5049420A287C7E5A00D87BDC /* StarWarsApp */ = {
			isa = PBXGroup;
			children = (
				50494261287C942200D87BDC /* Info.plist */,
				5049425E287C903F00D87BDC /* Extension */,
				5049424C287C816200D87BDC /* Helper */,
				5049423F287C7F4200D87BDC /* Protocols */,
				5049420B287C7E5A00D87BDC /* StarWarsAppApp.swift */,
				50494247287C809500D87BDC /* Model */,
				50494237287C7E8E00D87BDC /* View */,
				5049423A287C7EA400D87BDC /* ViewModel */,
				5049420F287C7E5C00D87BDC /* Assets.xcassets */,
				50494211287C7E5C00D87BDC /* Preview Content */,
			);
			path = StarWarsApp;
			sourceTree = "<group>";
		};
		50494211287C7E5C00D87BDC /* Preview Content */ = {
			isa = PBXGroup;
			children = (
				50494212287C7E5C00D87BDC /* Preview Assets.xcassets */,
			);
			path = "Preview Content";
			sourceTree = "<group>";
		};
		5049421B287C7E5C00D87BDC /* StarWarsAppTests */ = {
			isa = PBXGroup;
			children = (
				5049421C287C7E5C00D87BDC /* StarWarsAppTests.swift */,
			);
			path = StarWarsAppTests;
			sourceTree = "<group>";
		};
		50494225287C7E5C00D87BDC /* StarWarsAppUITests */ = {
			isa = PBXGroup;
			children = (
				50494226287C7E5C00D87BDC /* StarWarsAppUITests.swift */,
				50494228287C7E5C00D87BDC /* StarWarsAppUITestsLaunchTests.swift */,
			);
			path = StarWarsAppUITests;
			sourceTree = "<group>";
		};
		50494237287C7E8E00D87BDC /* View */ = {
			isa = PBXGroup;
			children = (
				50494264287D921300D87BDC /* MainScreenView */,
				5049426D287D957100D87BDC /* DetailScreenView */,
			);
			path = View;
			sourceTree = "<group>";
		};
		5049423A287C7EA400D87BDC /* ViewModel */ = {
			isa = PBXGroup;
			children = (
				50494238287C7E9F00D87BDC /* MainScreenViewModel.swift */,
				50494242287C805D00D87BDC /* DetailScreenViewModel.swift */,
			);
			path = ViewModel;
			sourceTree = "<group>";
		};
		5049423F287C7F4200D87BDC /* Protocols */ = {
			isa = PBXGroup;
			children = (
				5049423B287C7EB000D87BDC /* ViewModelProtocol.swift */,
				50494258287C8F3300D87BDC /* RequestTemplate.swift */,
				5049425F287C92BB00D87BDC /* MovieManagerProtocol.swift */,
				50494262287C969500D87BDC /* NetworkManagerProtocol.swift */,
			);
			path = Protocols;
			sourceTree = "<group>";
		};
		50494246287C808D00D87BDC /* Entity */ = {
			isa = PBXGroup;
			children = (
				50494244287C808900D87BDC /* Movie.swift */,
				50494248287C813C00D87BDC /* SearchResult.swift */,
				50C3B87A287DEEDE00009E3B /* Enum */,
			);
			path = Entity;
			sourceTree = "<group>";
		};
		50494247287C809500D87BDC /* Model */ = {
			isa = PBXGroup;
			children = (
				50494246287C808D00D87BDC /* Entity */,
				50494251287C81B100D87BDC /* Manager */,
			);
			path = Model;
			sourceTree = "<group>";
		};
		5049424C287C816200D87BDC /* Helper */ = {
			isa = PBXGroup;
			children = (
				5049424A287C815C00D87BDC /* JSONNull.swift */,
				50494252287C81EB00D87BDC /* Constant.swift */,
				50494254287C830F00D87BDC /* NetworkError.swift */,
				5049425A287C8F6000D87BDC /* HTTPMethod.swift */,
			);
			path = Helper;
			sourceTree = "<group>";
		};
		50494251287C81B100D87BDC /* Manager */ = {
			isa = PBXGroup;
			children = (
				5049424D287C819800D87BDC /* NetworkManager.swift */,
				5049424F287C81AC00D87BDC /* MovieManager.swift */,
				50494256287C84EC00D87BDC /* MovieListRequest.swift */,
			);
			path = Manager;
			sourceTree = "<group>";
		};
		5049425E287C903F00D87BDC /* Extension */ = {
			isa = PBXGroup;
			children = (
				5049425C287C8FF100D87BDC /* URLRequest+init.swift */,
			);
			path = Extension;
			sourceTree = "<group>";
		};
		50494264287D921300D87BDC /* MainScreenView */ = {
			isa = PBXGroup;
			children = (
				50494235287C7E7900D87BDC /* MainScreenView.swift */,
				50494269287D926800D87BDC /* MainScreenView+List.swift */,
				5049426B287D940400D87BDC /* MainScreenCellView.swift */,
				50494265287D922400D87BDC /* MainScreenView+Background.swift */,
				50494267287D924600D87BDC /* MainScreenView+Header.swift */,
				50C3B87B287DF89300009E3B /* MainScreenView+FilterMenu.swift */,
				50C3B87D287DF8B900009E3B /* MainScreenView+SearchBar.swift */,
			);
			path = MainScreenView;
			sourceTree = "<group>";
		};
		5049426D287D957100D87BDC /* DetailScreenView */ = {
			isa = PBXGroup;
			children = (
				50494240287C803000D87BDC /* DetailScreenView.swift */,
				50C3B871287DE94F00009E3B /* DetailScreenView+Background.swift */,
				50C3B86F287DE8ED00009E3B /* DetailScreenView+Content.swift */,
			);
			path = DetailScreenView;
			sourceTree = "<group>";
		};
		50C3B87A287DEEDE00009E3B /* Enum */ = {
			isa = PBXGroup;
			children = (
				50C3B878287DEEDA00009E3B /* FilterType.swift */,
			);
			path = Enum;
			sourceTree = "<group>";
		};
/* End PBXGroup section */

/* Begin PBXNativeTarget section */
		50494207287C7E5A00D87BDC /* StarWarsApp */ = {
			isa = PBXNativeTarget;
			buildConfigurationList = 5049422C287C7E5C00D87BDC /* Build configuration list for PBXNativeTarget "StarWarsApp" */;
			buildPhases = (
				50494204287C7E5A00D87BDC /* Sources */,
				50494205287C7E5A00D87BDC /* Frameworks */,
				50494206287C7E5A00D87BDC /* Resources */,
			);
			buildRules = (
			);
			dependencies = (
			);
			name = StarWarsApp;
			productName = StarWarsApp;
			productReference = 50494208287C7E5A00D87BDC /* StarWarsApp.app */;
			productType = "com.apple.product-type.application";
		};
		50494217287C7E5C00D87BDC /* StarWarsAppTests */ = {
			isa = PBXNativeTarget;
			buildConfigurationList = 5049422F287C7E5C00D87BDC /* Build configuration list for PBXNativeTarget "StarWarsAppTests" */;
			buildPhases = (
				50494214287C7E5C00D87BDC /* Sources */,
				50494215287C7E5C00D87BDC /* Frameworks */,
				50494216287C7E5C00D87BDC /* Resources */,
			);
			buildRules = (
			);
			dependencies = (
				5049421A287C7E5C00D87BDC /* PBXTargetDependency */,
			);
			name = StarWarsAppTests;
			productName = StarWarsAppTests;
			productReference = 50494218287C7E5C00D87BDC /* StarWarsAppTests.xctest */;
			productType = "com.apple.product-type.bundle.unit-test";
		};
		50494221287C7E5C00D87BDC /* StarWarsAppUITests */ = {
			isa = PBXNativeTarget;
			buildConfigurationList = 50494232287C7E5C00D87BDC /* Build configuration list for PBXNativeTarget "StarWarsAppUITests" */;
			buildPhases = (
				5049421E287C7E5C00D87BDC /* Sources */,
				5049421F287C7E5C00D87BDC /* Frameworks */,
				50494220287C7E5C00D87BDC /* Resources */,
			);
			buildRules = (
			);
			dependencies = (
				50494224287C7E5C00D87BDC /* PBXTargetDependency */,
			);
			name = StarWarsAppUITests;
			productName = StarWarsAppUITests;
			productReference = 50494222287C7E5C00D87BDC /* StarWarsAppUITests.xctest */;
			productType = "com.apple.product-type.bundle.ui-testing";
		};
/* End PBXNativeTarget section */

/* Begin PBXProject section */
		50494200287C7E5A00D87BDC /* Project object */ = {
			isa = PBXProject;
			attributes = {
				BuildIndependentTargetsInParallel = 1;
				LastSwiftUpdateCheck = 1330;
				LastUpgradeCheck = 1330;
				TargetAttributes = {
					50494207287C7E5A00D87BDC = {
						CreatedOnToolsVersion = 13.3;
					};
					50494217287C7E5C00D87BDC = {
						CreatedOnToolsVersion = 13.3;
						TestTargetID = 50494207287C7E5A00D87BDC;
					};
					50494221287C7E5C00D87BDC = {
						CreatedOnToolsVersion = 13.3;
						TestTargetID = 50494207287C7E5A00D87BDC;
					};
				};
			};
			buildConfigurationList = 50494203287C7E5A00D87BDC /* Build configuration list for PBXProject "StarWarsApp" */;
			compatibilityVersion = "Xcode 13.0";
			developmentRegion = en;
			hasScannedForEncodings = 0;
			knownRegions = (
				en,
				Base,
			);
			mainGroup = 504941FF287C7E5A00D87BDC;
			productRefGroup = 50494209287C7E5A00D87BDC /* Products */;
			projectDirPath = "";
			projectRoot = "";
			targets = (
				50494207287C7E5A00D87BDC /* StarWarsApp */,
				50494217287C7E5C00D87BDC /* StarWarsAppTests */,
				50494221287C7E5C00D87BDC /* StarWarsAppUITests */,
			);
		};
/* End PBXProject section */

/* Begin PBXResourcesBuildPhase section */
		50494206287C7E5A00D87BDC /* Resources */ = {
			isa = PBXResourcesBuildPhase;
			buildActionMask = 2147483647;
			files = (
				50494213287C7E5C00D87BDC /* Preview Assets.xcassets in Resources */,
				50494210287C7E5C00D87BDC /* Assets.xcassets in Resources */,
			);
			runOnlyForDeploymentPostprocessing = 0;
		};
		50494216287C7E5C00D87BDC /* Resources */ = {
			isa = PBXResourcesBuildPhase;
			buildActionMask = 2147483647;
			files = (
			);
			runOnlyForDeploymentPostprocessing = 0;
		};
		50494220287C7E5C00D87BDC /* Resources */ = {
			isa = PBXResourcesBuildPhase;
			buildActionMask = 2147483647;
			files = (
			);
			runOnlyForDeploymentPostprocessing = 0;
		};
/* End PBXResourcesBuildPhase section */

/* Begin PBXSourcesBuildPhase section */
		50494204287C7E5A00D87BDC /* Sources */ = {
			isa = PBXSourcesBuildPhase;
			buildActionMask = 2147483647;
			files = (
				50494243287C805D00D87BDC /* DetailScreenViewModel.swift in Sources */,
				5049425D287C8FF100D87BDC /* URLRequest+init.swift in Sources */,
				50494255287C830F00D87BDC /* NetworkError.swift in Sources */,
				50494249287C813C00D87BDC /* SearchResult.swift in Sources */,
				5049424B287C815C00D87BDC /* JSONNull.swift in Sources */,
				50494236287C7E7900D87BDC /* MainScreenView.swift in Sources */,
				50C3B879287DEEDA00009E3B /* FilterType.swift in Sources */,
				50494259287C8F3300D87BDC /* RequestTemplate.swift in Sources */,
				50494250287C81AC00D87BDC /* MovieManager.swift in Sources */,
				50494257287C84EC00D87BDC /* MovieListRequest.swift in Sources */,
				5049426A287D926800D87BDC /* MainScreenView+List.swift in Sources */,
				50C3B870287DE8ED00009E3B /* DetailScreenView+Content.swift in Sources */,
				50494268287D924600D87BDC /* MainScreenView+Header.swift in Sources */,
				50494260287C92BB00D87BDC /* MovieManagerProtocol.swift in Sources */,
				50C3B87E287DF8B900009E3B /* MainScreenView+SearchBar.swift in Sources */,
				5049424E287C819800D87BDC /* NetworkManager.swift in Sources */,
				50494241287C803000D87BDC /* DetailScreenView.swift in Sources */,
				5049420C287C7E5A00D87BDC /* StarWarsAppApp.swift in Sources */,
				5049426C287D940400D87BDC /* MainScreenCellView.swift in Sources */,
				50C3B872287DE94F00009E3B /* DetailScreenView+Background.swift in Sources */,
				50C3B87C287DF89300009E3B /* MainScreenView+FilterMenu.swift in Sources */,
				50494266287D922400D87BDC /* MainScreenView+Background.swift in Sources */,
				5049423C287C7EB000D87BDC /* ViewModelProtocol.swift in Sources */,
				5049425B287C8F6000D87BDC /* HTTPMethod.swift in Sources */,
				50494253287C81EB00D87BDC /* Constant.swift in Sources */,
				50494239287C7E9F00D87BDC /* MainScreenViewModel.swift in Sources */,
				50494245287C808900D87BDC /* Movie.swift in Sources */,
				50494263287C969500D87BDC /* NetworkManagerProtocol.swift in Sources */,
			);
			runOnlyForDeploymentPostprocessing = 0;
		};
		50494214287C7E5C00D87BDC /* Sources */ = {
			isa = PBXSourcesBuildPhase;
			buildActionMask = 2147483647;
			files = (
				5049421D287C7E5C00D87BDC /* StarWarsAppTests.swift in Sources */,
			);
			runOnlyForDeploymentPostprocessing = 0;
		};
		5049421E287C7E5C00D87BDC /* Sources */ = {
			isa = PBXSourcesBuildPhase;
			buildActionMask = 2147483647;
			files = (
				50494227287C7E5C00D87BDC /* StarWarsAppUITests.swift in Sources */,
				50494229287C7E5C00D87BDC /* StarWarsAppUITestsLaunchTests.swift in Sources */,
			);
			runOnlyForDeploymentPostprocessing = 0;
		};
/* End PBXSourcesBuildPhase section */

/* Begin PBXTargetDependency section */
		5049421A287C7E5C00D87BDC /* PBXTargetDependency */ = {
			isa = PBXTargetDependency;
			target = 50494207287C7E5A00D87BDC /* StarWarsApp */;
			targetProxy = 50494219287C7E5C00D87BDC /* PBXContainerItemProxy */;
		};
		50494224287C7E5C00D87BDC /* PBXTargetDependency */ = {
			isa = PBXTargetDependency;
			target = 50494207287C7E5A00D87BDC /* StarWarsApp */;
			targetProxy = 50494223287C7E5C00D87BDC /* PBXContainerItemProxy */;
		};
/* End PBXTargetDependency section */

/* Begin XCBuildConfiguration section */
		5049422A287C7E5C00D87BDC /* Debug */ = {
			isa = XCBuildConfiguration;
			buildSettings = {
				ALWAYS_SEARCH_USER_PATHS = NO;
				CLANG_ANALYZER_NONNULL = YES;
				CLANG_ANALYZER_NUMBER_OBJECT_CONVERSION = YES_AGGRESSIVE;
				CLANG_CXX_LANGUAGE_STANDARD = "gnu++17";
				CLANG_ENABLE_MODULES = YES;
				CLANG_ENABLE_OBJC_ARC = YES;
				CLANG_ENABLE_OBJC_WEAK = YES;
				CLANG_WARN_BLOCK_CAPTURE_AUTORELEASING = YES;
				CLANG_WARN_BOOL_CONVERSION = YES;
				CLANG_WARN_COMMA = YES;
				CLANG_WARN_CONSTANT_CONVERSION = YES;
				CLANG_WARN_DEPRECATED_OBJC_IMPLEMENTATIONS = YES;
				CLANG_WARN_DIRECT_OBJC_ISA_USAGE = YES_ERROR;
				CLANG_WARN_DOCUMENTATION_COMMENTS = YES;
				CLANG_WARN_EMPTY_BODY = YES;
				CLANG_WARN_ENUM_CONVERSION = YES;
				CLANG_WARN_INFINITE_RECURSION = YES;
				CLANG_WARN_INT_CONVERSION = YES;
				CLANG_WARN_NON_LITERAL_NULL_CONVERSION = YES;
				CLANG_WARN_OBJC_IMPLICIT_RETAIN_SELF = YES;
				CLANG_WARN_OBJC_LITERAL_CONVERSION = YES;
				CLANG_WARN_OBJC_ROOT_CLASS = YES_ERROR;
				CLANG_WARN_QUOTED_INCLUDE_IN_FRAMEWORK_HEADER = YES;
				CLANG_WARN_RANGE_LOOP_ANALYSIS = YES;
				CLANG_WARN_STRICT_PROTOTYPES = YES;
				CLANG_WARN_SUSPICIOUS_MOVE = YES;
				CLANG_WARN_UNGUARDED_AVAILABILITY = YES_AGGRESSIVE;
				CLANG_WARN_UNREACHABLE_CODE = YES;
				CLANG_WARN__DUPLICATE_METHOD_MATCH = YES;
				COPY_PHASE_STRIP = NO;
				DEBUG_INFORMATION_FORMAT = dwarf;
				ENABLE_STRICT_OBJC_MSGSEND = YES;
				ENABLE_TESTABILITY = YES;
				GCC_C_LANGUAGE_STANDARD = gnu11;
				GCC_DYNAMIC_NO_PIC = NO;
				GCC_NO_COMMON_BLOCKS = YES;
				GCC_OPTIMIZATION_LEVEL = 0;
				GCC_PREPROCESSOR_DEFINITIONS = (
					"DEBUG=1",
					"$(inherited)",
				);
				GCC_WARN_64_TO_32_BIT_CONVERSION = YES;
				GCC_WARN_ABOUT_RETURN_TYPE = YES_ERROR;
				GCC_WARN_UNDECLARED_SELECTOR = YES;
				GCC_WARN_UNINITIALIZED_AUTOS = YES_AGGRESSIVE;
				GCC_WARN_UNUSED_FUNCTION = YES;
				GCC_WARN_UNUSED_VARIABLE = YES;
				IPHONEOS_DEPLOYMENT_TARGET = 15.4;
				MTL_ENABLE_DEBUG_INFO = INCLUDE_SOURCE;
				MTL_FAST_MATH = YES;
				ONLY_ACTIVE_ARCH = YES;
				SDKROOT = iphoneos;
				SWIFT_ACTIVE_COMPILATION_CONDITIONS = DEBUG;
				SWIFT_OPTIMIZATION_LEVEL = "-Onone";
			};
			name = Debug;
		};
		5049422B287C7E5C00D87BDC /* Release */ = {
			isa = XCBuildConfiguration;
			buildSettings = {
				ALWAYS_SEARCH_USER_PATHS = NO;
				CLANG_ANALYZER_NONNULL = YES;
				CLANG_ANALYZER_NUMBER_OBJECT_CONVERSION = YES_AGGRESSIVE;
				CLANG_CXX_LANGUAGE_STANDARD = "gnu++17";
				CLANG_ENABLE_MODULES = YES;
				CLANG_ENABLE_OBJC_ARC = YES;
				CLANG_ENABLE_OBJC_WEAK = YES;
				CLANG_WARN_BLOCK_CAPTURE_AUTORELEASING = YES;
				CLANG_WARN_BOOL_CONVERSION = YES;
				CLANG_WARN_COMMA = YES;
				CLANG_WARN_CONSTANT_CONVERSION = YES;
				CLANG_WARN_DEPRECATED_OBJC_IMPLEMENTATIONS = YES;
				CLANG_WARN_DIRECT_OBJC_ISA_USAGE = YES_ERROR;
				CLANG_WARN_DOCUMENTATION_COMMENTS = YES;
				CLANG_WARN_EMPTY_BODY = YES;
				CLANG_WARN_ENUM_CONVERSION = YES;
				CLANG_WARN_INFINITE_RECURSION = YES;
				CLANG_WARN_INT_CONVERSION = YES;
				CLANG_WARN_NON_LITERAL_NULL_CONVERSION = YES;
				CLANG_WARN_OBJC_IMPLICIT_RETAIN_SELF = YES;
				CLANG_WARN_OBJC_LITERAL_CONVERSION = YES;
				CLANG_WARN_OBJC_ROOT_CLASS = YES_ERROR;
				CLANG_WARN_QUOTED_INCLUDE_IN_FRAMEWORK_HEADER = YES;
				CLANG_WARN_RANGE_LOOP_ANALYSIS = YES;
				CLANG_WARN_STRICT_PROTOTYPES = YES;
				CLANG_WARN_SUSPICIOUS_MOVE = YES;
				CLANG_WARN_UNGUARDED_AVAILABILITY = YES_AGGRESSIVE;
				CLANG_WARN_UNREACHABLE_CODE = YES;
				CLANG_WARN__DUPLICATE_METHOD_MATCH = YES;
				COPY_PHASE_STRIP = NO;
				DEBUG_INFORMATION_FORMAT = "dwarf-with-dsym";
				ENABLE_NS_ASSERTIONS = NO;
				ENABLE_STRICT_OBJC_MSGSEND = YES;
				GCC_C_LANGUAGE_STANDARD = gnu11;
				GCC_NO_COMMON_BLOCKS = YES;
				GCC_WARN_64_TO_32_BIT_CONVERSION = YES;
				GCC_WARN_ABOUT_RETURN_TYPE = YES_ERROR;
				GCC_WARN_UNDECLARED_SELECTOR = YES;
				GCC_WARN_UNINITIALIZED_AUTOS = YES_AGGRESSIVE;
				GCC_WARN_UNUSED_FUNCTION = YES;
				GCC_WARN_UNUSED_VARIABLE = YES;
				IPHONEOS_DEPLOYMENT_TARGET = 15.4;
				MTL_ENABLE_DEBUG_INFO = NO;
				MTL_FAST_MATH = YES;
				SDKROOT = iphoneos;
				SWIFT_COMPILATION_MODE = wholemodule;
				SWIFT_OPTIMIZATION_LEVEL = "-O";
				VALIDATE_PRODUCT = YES;
			};
			name = Release;
		};
		5049422D287C7E5C00D87BDC /* Debug */ = {
			isa = XCBuildConfiguration;
			buildSettings = {
				ASSETCATALOG_COMPILER_APPICON_NAME = AppIcon;
				ASSETCATALOG_COMPILER_GLOBAL_ACCENT_COLOR_NAME = AccentColor;
				CODE_SIGN_STYLE = Automatic;
				CURRENT_PROJECT_VERSION = 1;
				DEVELOPMENT_ASSET_PATHS = "\"StarWarsApp/Preview Content\"";
				DEVELOPMENT_TEAM = W7R6ZCLV57;
				ENABLE_PREVIEWS = YES;
				GENERATE_INFOPLIST_FILE = YES;
				INFOPLIST_FILE = StarWarsApp/Info.plist;
				INFOPLIST_KEY_UIApplicationSceneManifest_Generation = YES;
				INFOPLIST_KEY_UIApplicationSupportsIndirectInputEvents = YES;
				INFOPLIST_KEY_UILaunchScreen_Generation = YES;
				INFOPLIST_KEY_UISupportedInterfaceOrientations_iPad = "UIInterfaceOrientationPortrait UIInterfaceOrientationPortraitUpsideDown UIInterfaceOrientationLandscapeLeft UIInterfaceOrientationLandscapeRight";
				INFOPLIST_KEY_UISupportedInterfaceOrientations_iPhone = "UIInterfaceOrientationPortrait UIInterfaceOrientationLandscapeLeft UIInterfaceOrientationLandscapeRight";
				LD_RUNPATH_SEARCH_PATHS = (
					"$(inherited)",
					"@executable_path/Frameworks",
				);
				MARKETING_VERSION = 1.0;
				PRODUCT_BUNDLE_IDENTIFIER = atme.StarWarsApp;
				PRODUCT_NAME = "$(TARGET_NAME)";
				SWIFT_EMIT_LOC_STRINGS = YES;
				SWIFT_VERSION = 5.0;
				TARGETED_DEVICE_FAMILY = "1,2";
			};
			name = Debug;
		};
		5049422E287C7E5C00D87BDC /* Release */ = {
			isa = XCBuildConfiguration;
			buildSettings = {
				ASSETCATALOG_COMPILER_APPICON_NAME = AppIcon;
				ASSETCATALOG_COMPILER_GLOBAL_ACCENT_COLOR_NAME = AccentColor;
				CODE_SIGN_STYLE = Automatic;
				CURRENT_PROJECT_VERSION = 1;
				DEVELOPMENT_ASSET_PATHS = "\"StarWarsApp/Preview Content\"";
				DEVELOPMENT_TEAM = W7R6ZCLV57;
				ENABLE_PREVIEWS = YES;
				GENERATE_INFOPLIST_FILE = YES;
				INFOPLIST_FILE = StarWarsApp/Info.plist;
				INFOPLIST_KEY_UIApplicationSceneManifest_Generation = YES;
				INFOPLIST_KEY_UIApplicationSupportsIndirectInputEvents = YES;
				INFOPLIST_KEY_UILaunchScreen_Generation = YES;
				INFOPLIST_KEY_UISupportedInterfaceOrientations_iPad = "UIInterfaceOrientationPortrait UIInterfaceOrientationPortraitUpsideDown UIInterfaceOrientationLandscapeLeft UIInterfaceOrientationLandscapeRight";
				INFOPLIST_KEY_UISupportedInterfaceOrientations_iPhone = "UIInterfaceOrientationPortrait UIInterfaceOrientationLandscapeLeft UIInterfaceOrientationLandscapeRight";
				LD_RUNPATH_SEARCH_PATHS = (
					"$(inherited)",
					"@executable_path/Frameworks",
				);
				MARKETING_VERSION = 1.0;
				PRODUCT_BUNDLE_IDENTIFIER = atme.StarWarsApp;
				PRODUCT_NAME = "$(TARGET_NAME)";
				SWIFT_EMIT_LOC_STRINGS = YES;
				SWIFT_VERSION = 5.0;
				TARGETED_DEVICE_FAMILY = "1,2";
			};
			name = Release;
		};
		50494230287C7E5C00D87BDC /* Debug */ = {
			isa = XCBuildConfiguration;
			buildSettings = {
				ALWAYS_EMBED_SWIFT_STANDARD_LIBRARIES = YES;
				BUNDLE_LOADER = "$(TEST_HOST)";
				CODE_SIGN_STYLE = Automatic;
				CURRENT_PROJECT_VERSION = 1;
				DEVELOPMENT_TEAM = W7R6ZCLV57;
				GENERATE_INFOPLIST_FILE = YES;
				IPHONEOS_DEPLOYMENT_TARGET = 15.4;
				MARKETING_VERSION = 1.0;
				PRODUCT_BUNDLE_IDENTIFIER = atme.StarWarsAppTests;
				PRODUCT_NAME = "$(TARGET_NAME)";
				SWIFT_EMIT_LOC_STRINGS = NO;
				SWIFT_VERSION = 5.0;
				TARGETED_DEVICE_FAMILY = "1,2";
				TEST_HOST = "$(BUILT_PRODUCTS_DIR)/StarWarsApp.app/StarWarsApp";
			};
			name = Debug;
		};
		50494231287C7E5C00D87BDC /* Release */ = {
			isa = XCBuildConfiguration;
			buildSettings = {
				ALWAYS_EMBED_SWIFT_STANDARD_LIBRARIES = YES;
				BUNDLE_LOADER = "$(TEST_HOST)";
				CODE_SIGN_STYLE = Automatic;
				CURRENT_PROJECT_VERSION = 1;
				DEVELOPMENT_TEAM = W7R6ZCLV57;
				GENERATE_INFOPLIST_FILE = YES;
				IPHONEOS_DEPLOYMENT_TARGET = 15.4;
				MARKETING_VERSION = 1.0;
				PRODUCT_BUNDLE_IDENTIFIER = atme.StarWarsAppTests;
				PRODUCT_NAME = "$(TARGET_NAME)";
				SWIFT_EMIT_LOC_STRINGS = NO;
				SWIFT_VERSION = 5.0;
				TARGETED_DEVICE_FAMILY = "1,2";
				TEST_HOST = "$(BUILT_PRODUCTS_DIR)/StarWarsApp.app/StarWarsApp";
			};
			name = Release;
		};
		50494233287C7E5C00D87BDC /* Debug */ = {
			isa = XCBuildConfiguration;
			buildSettings = {
				ALWAYS_EMBED_SWIFT_STANDARD_LIBRARIES = YES;
				CODE_SIGN_STYLE = Automatic;
				CURRENT_PROJECT_VERSION = 1;
				DEVELOPMENT_TEAM = W7R6ZCLV57;
				GENERATE_INFOPLIST_FILE = YES;
				MARKETING_VERSION = 1.0;
				PRODUCT_BUNDLE_IDENTIFIER = atme.StarWarsAppUITests;
				PRODUCT_NAME = "$(TARGET_NAME)";
				SWIFT_EMIT_LOC_STRINGS = NO;
				SWIFT_VERSION = 5.0;
				TARGETED_DEVICE_FAMILY = "1,2";
				TEST_TARGET_NAME = StarWarsApp;
			};
			name = Debug;
		};
		50494234287C7E5C00D87BDC /* Release */ = {
			isa = XCBuildConfiguration;
			buildSettings = {
				ALWAYS_EMBED_SWIFT_STANDARD_LIBRARIES = YES;
				CODE_SIGN_STYLE = Automatic;
				CURRENT_PROJECT_VERSION = 1;
				DEVELOPMENT_TEAM = W7R6ZCLV57;
				GENERATE_INFOPLIST_FILE = YES;
				MARKETING_VERSION = 1.0;
				PRODUCT_BUNDLE_IDENTIFIER = atme.StarWarsAppUITests;
				PRODUCT_NAME = "$(TARGET_NAME)";
				SWIFT_EMIT_LOC_STRINGS = NO;
				SWIFT_VERSION = 5.0;
				TARGETED_DEVICE_FAMILY = "1,2";
				TEST_TARGET_NAME = StarWarsApp;
			};
			name = Release;
		};
/* End XCBuildConfiguration section */

/* Begin XCConfigurationList section */
		50494203287C7E5A00D87BDC /* Build configuration list for PBXProject "StarWarsApp" */ = {
			isa = XCConfigurationList;
			buildConfigurations = (
				5049422A287C7E5C00D87BDC /* Debug */,
				5049422B287C7E5C00D87BDC /* Release */,
			);
			defaultConfigurationIsVisible = 0;
			defaultConfigurationName = Release;
		};
		5049422C287C7E5C00D87BDC /* Build configuration list for PBXNativeTarget "StarWarsApp" */ = {
			isa = XCConfigurationList;
			buildConfigurations = (
				5049422D287C7E5C00D87BDC /* Debug */,
				5049422E287C7E5C00D87BDC /* Release */,
			);
			defaultConfigurationIsVisible = 0;
			defaultConfigurationName = Release;
		};
		5049422F287C7E5C00D87BDC /* Build configuration list for PBXNativeTarget "StarWarsAppTests" */ = {
			isa = XCConfigurationList;
			buildConfigurations = (
				50494230287C7E5C00D87BDC /* Debug */,
				50494231287C7E5C00D87BDC /* Release */,
			);
			defaultConfigurationIsVisible = 0;
			defaultConfigurationName = Release;
		};
		50494232287C7E5C00D87BDC /* Build configuration list for PBXNativeTarget "StarWarsAppUITests" */ = {
			isa = XCConfigurationList;
			buildConfigurations = (
				50494233287C7E5C00D87BDC /* Debug */,
				50494234287C7E5C00D87BDC /* Release */,
			);
			defaultConfigurationIsVisible = 0;
			defaultConfigurationName = Release;
		};
/* End XCConfigurationList section */
	};
	rootObject = 50494200287C7E5A00D87BDC /* Project object */;
}
